
Microsoft Visual Studio Solution File, Format Version 12.00
# Visual Studio 15
VisualStudioVersion = 15.0.27428.2015
MinimumVisualStudioVersion = 10.0.40219.1
Project("{FAE04EC0-301F-11D3-BF4B-00C04F79EFBC}") = "EstacionaFacil", "EstacionaFacil\EstacionaFacil.csproj", "{8CC2A2B2-252C-4B8F-BF66-2B2298B69B51}"
EndProject
Global
	GlobalSection(SolutionConfigurationPlatforms) = preSolution
		Debug|Any CPU = Debug|Any CPU
		Release|Any CPU = Release|Any CPU
	EndGlobalSection
	GlobalSection(ProjectConfigurationPlatforms) = postSolution
		{8CC2A2B2-252C-4B8F-BF66-2B2298B69B51}.Debug|Any CPU.ActiveCfg = Debug|Any CPU
		{8CC2A2B2-252C-4B8F-BF66-2B2298B69B51}.Debug|Any CPU.Build.0 = Debug|Any CPU
		{8CC2A2B2-252C-4B8F-BF66-2B2298B69B51}.Release|Any CPU.ActiveCfg = Release|Any CPU
		{8CC2A2B2-252C-4B8F-BF66-2B2298B69B51}.Release|Any CPU.Build.0 = Release|Any CPU
	EndGlobalSection
	GlobalSection(SolutionProperties) = preSolution
		HideSolutionNode = FALSE
	EndGlobalSection
	GlobalSection(ExtensibilityGlobals) = postSolution
		SolutionGuid = {C7289A9B-CFD7-446E-B980-81334E288E70}
	EndGlobalSection
EndGlobal
